// !$*UTF8*$!
{
	archiveVersion = 1;
	classes = {
	};
	objectVersion = 56;
	objects = {

/* Begin PBXBuildFile section */
		EADA63732BC43EF30077222B /* AppDelegate.swift in Sources */ = {isa = PBXBuildFile; fileRef = EADA63722BC43EF30077222B /* AppDelegate.swift */; };
		EADA63752BC43EF30077222B /* SceneDelegate.swift in Sources */ = {isa = PBXBuildFile; fileRef = EADA63742BC43EF30077222B /* SceneDelegate.swift */; };
		EADA63772BC43EF30077222B /* ViewController.swift in Sources */ = {isa = PBXBuildFile; fileRef = EADA63762BC43EF30077222B /* ViewController.swift */; };
		EADA637A2BC43EF30077222B /* Base in Resources */ = {isa = PBXBuildFile; fileRef = EADA63792BC43EF30077222B /* Base */; };
		EADA637C2BC43EF50077222B /* Assets.xcassets in Resources */ = {isa = PBXBuildFile; fileRef = EADA637B2BC43EF50077222B /* Assets.xcassets */; };
		EADA637F2BC43EF50077222B /* Base in Resources */ = {isa = PBXBuildFile; fileRef = EADA637E2BC43EF50077222B /* Base */; };
/* End PBXBuildFile section */

/* Begin PBXFileReference section */
		EADA636F2BC43EF30077222B /* MovieChallenge.app */ = {isa = PBXFileReference; explicitFileType = wrapper.application; includeInIndex = 0; path = MovieChallenge.app; sourceTree = BUILT_PRODUCTS_DIR; };
		EADA63722BC43EF30077222B /* AppDelegate.swift */ = {isa = PBXFileReference; lastKnownFileType = sourcecode.swift; path = AppDelegate.swift; sourceTree = "<group>"; };
		EADA63742BC43EF30077222B /* SceneDelegate.swift */ = {isa = PBXFileReference; lastKnownFileType = sourcecode.swift; path = SceneDelegate.swift; sourceTree = "<group>"; };
		EADA63762BC43EF30077222B /* ViewController.swift */ = {isa = PBXFileReference; lastKnownFileType = sourcecode.swift; path = ViewController.swift; sourceTree = "<group>"; };
		EADA63792BC43EF30077222B /* Base */ = {isa = PBXFileReference; lastKnownFileType = file.storyboard; name = Base; path = Base.lproj/Main.storyboard; sourceTree = "<group>"; };
		EADA637B2BC43EF50077222B /* Assets.xcassets */ = {isa = PBXFileReference; lastKnownFileType = folder.assetcatalog; path = Assets.xcassets; sourceTree = "<group>"; };
		EADA637E2BC43EF50077222B /* Base */ = {isa = PBXFileReference; lastKnownFileType = file.storyboard; name = Base; path = Base.lproj/LaunchScreen.storyboard; sourceTree = "<group>"; };
		EADA63802BC43EF50077222B /* Info.plist */ = {isa = PBXFileReference; lastKnownFileType = text.plist.xml; path = Info.plist; sourceTree = "<group>"; };
/* End PBXFileReference section */

/* Begin PBXFrameworksBuildPhase section */
		EADA636C2BC43EF30077222B /* Frameworks */ = {
			isa = PBXFrameworksBuildPhase;
			buildActionMask = 2147483647;
			files = (
			);
			runOnlyForDeploymentPostprocessing = 0;
		};
/* End PBXFrameworksBuildPhase section */

/* Begin PBXGroup section */
		EADA63662BC43EF30077222B = {
			isa = PBXGroup;
			children = (
				EADA63712BC43EF30077222B /* MovieChallenge */,
				EADA63702BC43EF30077222B /* Products */,
			);
			sourceTree = "<group>";
		};
		EADA63702BC43EF30077222B /* Products */ = {
			isa = PBXGroup;
			children = (
				EADA636F2BC43EF30077222B /* MovieChallenge.app */,
			);
			name = Products;
			sourceTree = "<group>";
		};
		EADA63712BC43EF30077222B /* MovieChallenge */ = {
			isa = PBXGroup;
			children = (
				EADA63952BC450000077222B /* Networking */,
				EADA63942BC44E420077222B /* Model */,
				EADA638A2BC44A490077222B /* Utilities */,
				EADA63892BC449780077222B /* Resources */,
				EADA63862BC449170077222B /* Modules */,
				EADA63722BC43EF30077222B /* AppDelegate.swift */,
				EADA63742BC43EF30077222B /* SceneDelegate.swift */,
				EADA63762BC43EF30077222B /* ViewController.swift */,
				EADA63782BC43EF30077222B /* Main.storyboard */,
				EADA637D2BC43EF50077222B /* LaunchScreen.storyboard */,
				EADA63802BC43EF50077222B /* Info.plist */,
			);
			path = MovieChallenge;
			sourceTree = "<group>";
		};
		EADA63862BC449170077222B /* Modules */ = {
			isa = PBXGroup;
			children = (
				EADA63882BC449530077222B /* Movies */,
				EADA63872BC449310077222B /* Login */,
			);
			path = Modules;
			sourceTree = "<group>";
		};
		EADA63872BC449310077222B /* Login */ = {
			isa = PBXGroup;
			children = (
				EADA63932BC44DBB0077222B /* Protocols */,
				EADA638E2BC44BFC0077222B /* Router */,
				EADA638D2BC44BC70077222B /* Presenter */,
				EADA638C2BC44BBC0077222B /* Interactor */,
				EADA638B2BC44BB10077222B /* View */,
			);
			path = Login;
			sourceTree = "<group>";
		};
		EADA63882BC449530077222B /* Movies */ = {
			isa = PBXGroup;
			children = (
				EADA63922BC44C930077222B /* View */,
				EADA63912BC44C8C0077222B /* Interactor */,
				EADA63902BC44C840077222B /* Presenter */,
				EADA638F2BC44C7D0077222B /* Router */,
			);
			path = Movies;
			sourceTree = "<group>";
		};
		EADA63892BC449780077222B /* Resources */ = {
			isa = PBXGroup;
			children = (
				EADA637B2BC43EF50077222B /* Assets.xcassets */,
			);
			path = Resources;
			sourceTree = "<group>";
		};
		EADA638A2BC44A490077222B /* Utilities */ = {
			isa = PBXGroup;
			children = (
			);
			path = Utilities;
			sourceTree = "<group>";
		};
		EADA638B2BC44BB10077222B /* View */ = {
			isa = PBXGroup;
			children = (
			);
			path = View;
			sourceTree = "<group>";
		};
		EADA638C2BC44BBC0077222B /* Interactor */ = {
			isa = PBXGroup;
			children = (
			);
			path = Interactor;
			sourceTree = "<group>";
		};
		EADA638D2BC44BC70077222B /* Presenter */ = {
			isa = PBXGroup;
			children = (
			);
			path = Presenter;
			sourceTree = "<group>";
		};
		EADA638E2BC44BFC0077222B /* Router */ = {
			isa = PBXGroup;
			children = (
			);
			path = Router;
			sourceTree = "<group>";
		};
		EADA638F2BC44C7D0077222B /* Router */ = {
			isa = PBXGroup;
			children = (
			);
			path = Router;
			sourceTree = "<group>";
		};
		EADA63902BC44C840077222B /* Presenter */ = {
			isa = PBXGroup;
			children = (
			);
			path = Presenter;
			sourceTree = "<group>";
		};
		EADA63912BC44C8C0077222B /* Interactor */ = {
			isa = PBXGroup;
			children = (
			);
			path = Interactor;
			sourceTree = "<group>";
		};
		EADA63922BC44C930077222B /* View */ = {
			isa = PBXGroup;
			children = (
			);
			path = View;
			sourceTree = "<group>";
		};
		EADA63932BC44DBB0077222B /* Protocols */ = {
			isa = PBXGroup;
			children = (
			);
			path = Protocols;
			sourceTree = "<group>";
		};
		EADA63942BC44E420077222B /* Model */ = {
			isa = PBXGroup;
			children = (
			);
			path = Model;
			sourceTree = "<group>";
		};
		EADA63952BC450000077222B /* Networking */ = {
			isa = PBXGroup;
			children = (
			);
			path = Networking;
			sourceTree = "<group>";
		};
/* End PBXGroup section */

/* Begin PBXNativeTarget section */
		EADA636E2BC43EF30077222B /* MovieChallenge */ = {
			isa = PBXNativeTarget;
			buildConfigurationList = EADA63832BC43EF50077222B /* Build configuration list for PBXNativeTarget "MovieChallenge" */;
			buildPhases = (
				EADA636B2BC43EF30077222B /* Sources */,
				EADA636C2BC43EF30077222B /* Frameworks */,
				EADA636D2BC43EF30077222B /* Resources */,
			);
			buildRules = (
			);
			dependencies = (
			);
			name = MovieChallenge;
			productName = MovieChallenge;
			productReference = EADA636F2BC43EF30077222B /* MovieChallenge.app */;
			productType = "com.apple.product-type.application";
		};
/* End PBXNativeTarget section */

/* Begin PBXProject section */
		EADA63672BC43EF30077222B /* Project object */ = {
			isa = PBXProject;
			attributes = {
				BuildIndependentTargetsInParallel = 1;
				LastSwiftUpdateCheck = 1530;
				LastUpgradeCheck = 1530;
				TargetAttributes = {
					EADA636E2BC43EF30077222B = {
						CreatedOnToolsVersion = 15.3;
					};
				};
			};
			buildConfigurationList = EADA636A2BC43EF30077222B /* Build configuration list for PBXProject "MovieChallenge" */;
			compatibilityVersion = "Xcode 14.0";
			developmentRegion = en;
			hasScannedForEncodings = 0;
			knownRegions = (
				en,
				Base,
			);
			mainGroup = EADA63662BC43EF30077222B;
			productRefGroup = EADA63702BC43EF30077222B /* Products */;
			projectDirPath = "";
			projectRoot = "";
			targets = (
				EADA636E2BC43EF30077222B /* MovieChallenge */,
			);
		};
/* End PBXProject section */

/* Begin PBXResourcesBuildPhase section */
		EADA636D2BC43EF30077222B /* Resources */ = {
			isa = PBXResourcesBuildPhase;
			buildActionMask = 2147483647;
			files = (
				EADA637C2BC43EF50077222B /* Assets.xcassets in Resources */,
				EADA637F2BC43EF50077222B /* Base in Resources */,
				EADA637A2BC43EF30077222B /* Base in Resources */,
			);
			runOnlyForDeploymentPostprocessing = 0;
		};
/* End PBXResourcesBuildPhase section */

/* Begin PBXSourcesBuildPhase section */
		EADA636B2BC43EF30077222B /* Sources */ = {
			isa = PBXSourcesBuildPhase;
			buildActionMask = 2147483647;
			files = (
				EADA63772BC43EF30077222B /* ViewController.swift in Sources */,
				EADA63732BC43EF30077222B /* AppDelegate.swift in Sources */,
				EADA63752BC43EF30077222B /* SceneDelegate.swift in Sources */,
			);
			runOnlyForDeploymentPostprocessing = 0;
		};
/* End PBXSourcesBuildPhase section */

/* Begin PBXVariantGroup section */
		EADA63782BC43EF30077222B /* Main.storyboard */ = {
			isa = PBXVariantGroup;
			children = (
				EADA63792BC43EF30077222B /* Base */,
			);
			name = Main.storyboard;
			sourceTree = "<group>";
		};
		EADA637D2BC43EF50077222B /* LaunchScreen.storyboard */ = {
			isa = PBXVariantGroup;
			children = (
				EADA637E2BC43EF50077222B /* Base */,
			);
			name = LaunchScreen.storyboard;
			sourceTree = "<group>";
		};
/* End PBXVariantGroup section */

/* Begin XCBuildConfiguration section */
		EADA63812BC43EF50077222B /* Debug */ = {
			isa = XCBuildConfiguration;
			buildSettings = {
				ALWAYS_SEARCH_USER_PATHS = NO;
				ASSETCATALOG_COMPILER_GENERATE_SWIFT_ASSET_SYMBOL_EXTENSIONS = YES;
				CLANG_ANALYZER_NONNULL = YES;
				CLANG_ANALYZER_NUMBER_OBJECT_CONVERSION = YES_AGGRESSIVE;
				CLANG_CXX_LANGUAGE_STANDARD = "gnu++20";
				CLANG_ENABLE_MODULES = YES;
				CLANG_ENABLE_OBJC_ARC = YES;
				CLANG_ENABLE_OBJC_WEAK = YES;
				CLANG_WARN_BLOCK_CAPTURE_AUTORELEASING = YES;
				CLANG_WARN_BOOL_CONVERSION = YES;
				CLANG_WARN_COMMA = YES;
				CLANG_WARN_CONSTANT_CONVERSION = YES;
				CLANG_WARN_DEPRECATED_OBJC_IMPLEMENTATIONS = YES;
				CLANG_WARN_DIRECT_OBJC_ISA_USAGE = YES_ERROR;
				CLANG_WARN_DOCUMENTATION_COMMENTS = YES;
				CLANG_WARN_EMPTY_BODY = YES;
				CLANG_WARN_ENUM_CONVERSION = YES;
				CLANG_WARN_INFINITE_RECURSION = YES;
				CLANG_WARN_INT_CONVERSION = YES;
				CLANG_WARN_NON_LITERAL_NULL_CONVERSION = YES;
				CLANG_WARN_OBJC_IMPLICIT_RETAIN_SELF = YES;
				CLANG_WARN_OBJC_LITERAL_CONVERSION = YES;
				CLANG_WARN_OBJC_ROOT_CLASS = YES_ERROR;
				CLANG_WARN_QUOTED_INCLUDE_IN_FRAMEWORK_HEADER = YES;
				CLANG_WARN_RANGE_LOOP_ANALYSIS = YES;
				CLANG_WARN_STRICT_PROTOTYPES = YES;
				CLANG_WARN_SUSPICIOUS_MOVE = YES;
				CLANG_WARN_UNGUARDED_AVAILABILITY = YES_AGGRESSIVE;
				CLANG_WARN_UNREACHABLE_CODE = YES;
				CLANG_WARN__DUPLICATE_METHOD_MATCH = YES;
				COPY_PHASE_STRIP = NO;
				DEBUG_INFORMATION_FORMAT = dwarf;
				ENABLE_STRICT_OBJC_MSGSEND = YES;
				ENABLE_TESTABILITY = YES;
				ENABLE_USER_SCRIPT_SANDBOXING = YES;
				GCC_C_LANGUAGE_STANDARD = gnu17;
				GCC_DYNAMIC_NO_PIC = NO;
				GCC_NO_COMMON_BLOCKS = YES;
				GCC_OPTIMIZATION_LEVEL = 0;
				GCC_PREPROCESSOR_DEFINITIONS = (
					"DEBUG=1",
					"$(inherited)",
				);
				GCC_WARN_64_TO_32_BIT_CONVERSION = YES;
				GCC_WARN_ABOUT_RETURN_TYPE = YES_ERROR;
				GCC_WARN_UNDECLARED_SELECTOR = YES;
				GCC_WARN_UNINITIALIZED_AUTOS = YES_AGGRESSIVE;
				GCC_WARN_UNUSED_FUNCTION = YES;
				GCC_WARN_UNUSED_VARIABLE = YES;
				IPHONEOS_DEPLOYMENT_TARGET = 17.4;
				LOCALIZATION_PREFERS_STRING_CATALOGS = YES;
				MTL_ENABLE_DEBUG_INFO = INCLUDE_SOURCE;
				MTL_FAST_MATH = YES;
				ONLY_ACTIVE_ARCH = YES;
				SDKROOT = iphoneos;
				SWIFT_ACTIVE_COMPILATION_CONDITIONS = "DEBUG $(inherited)";
				SWIFT_OPTIMIZATION_LEVEL = "-Onone";
			};
			name = Debug;
		};
		EADA63822BC43EF50077222B /* Release */ = {
			isa = XCBuildConfiguration;
			buildSettings = {
				ALWAYS_SEARCH_USER_PATHS = NO;
				ASSETCATALOG_COMPILER_GENERATE_SWIFT_ASSET_SYMBOL_EXTENSIONS = YES;
				CLANG_ANALYZER_NONNULL = YES;
				CLANG_ANALYZER_NUMBER_OBJECT_CONVERSION = YES_AGGRESSIVE;
				CLANG_CXX_LANGUAGE_STANDARD = "gnu++20";
				CLANG_ENABLE_MODULES = YES;
				CLANG_ENABLE_OBJC_ARC = YES;
				CLANG_ENABLE_OBJC_WEAK = YES;
				CLANG_WARN_BLOCK_CAPTURE_AUTORELEASING = YES;
				CLANG_WARN_BOOL_CONVERSION = YES;
				CLANG_WARN_COMMA = YES;
				CLANG_WARN_CONSTANT_CONVERSION = YES;
				CLANG_WARN_DEPRECATED_OBJC_IMPLEMENTATIONS = YES;
				CLANG_WARN_DIRECT_OBJC_ISA_USAGE = YES_ERROR;
				CLANG_WARN_DOCUMENTATION_COMMENTS = YES;
				CLANG_WARN_EMPTY_BODY = YES;
				CLANG_WARN_ENUM_CONVERSION = YES;
				CLANG_WARN_INFINITE_RECURSION = YES;
				CLANG_WARN_INT_CONVERSION = YES;
				CLANG_WARN_NON_LITERAL_NULL_CONVERSION = YES;
				CLANG_WARN_OBJC_IMPLICIT_RETAIN_SELF = YES;
				CLANG_WARN_OBJC_LITERAL_CONVERSION = YES;
				CLANG_WARN_OBJC_ROOT_CLASS = YES_ERROR;
				CLANG_WARN_QUOTED_INCLUDE_IN_FRAMEWORK_HEADER = YES;
				CLANG_WARN_RANGE_LOOP_ANALYSIS = YES;
				CLANG_WARN_STRICT_PROTOTYPES = YES;
				CLANG_WARN_SUSPICIOUS_MOVE = YES;
				CLANG_WARN_UNGUARDED_AVAILABILITY = YES_AGGRESSIVE;
				CLANG_WARN_UNREACHABLE_CODE = YES;
				CLANG_WARN__DUPLICATE_METHOD_MATCH = YES;
				COPY_PHASE_STRIP = NO;
				DEBUG_INFORMATION_FORMAT = "dwarf-with-dsym";
				ENABLE_NS_ASSERTIONS = NO;
				ENABLE_STRICT_OBJC_MSGSEND = YES;
				ENABLE_USER_SCRIPT_SANDBOXING = YES;
				GCC_C_LANGUAGE_STANDARD = gnu17;
				GCC_NO_COMMON_BLOCKS = YES;
				GCC_WARN_64_TO_32_BIT_CONVERSION = YES;
				GCC_WARN_ABOUT_RETURN_TYPE = YES_ERROR;
				GCC_WARN_UNDECLARED_SELECTOR = YES;
				GCC_WARN_UNINITIALIZED_AUTOS = YES_AGGRESSIVE;
				GCC_WARN_UNUSED_FUNCTION = YES;
				GCC_WARN_UNUSED_VARIABLE = YES;
				IPHONEOS_DEPLOYMENT_TARGET = 17.4;
				LOCALIZATION_PREFERS_STRING_CATALOGS = YES;
				MTL_ENABLE_DEBUG_INFO = NO;
				MTL_FAST_MATH = YES;
				SDKROOT = iphoneos;
				SWIFT_COMPILATION_MODE = wholemodule;
				VALIDATE_PRODUCT = YES;
			};
			name = Release;
		};
		EADA63842BC43EF50077222B /* Debug */ = {
			isa = XCBuildConfiguration;
			buildSettings = {
				ASSETCATALOG_COMPILER_APPICON_NAME = AppIcon;
				ASSETCATALOG_COMPILER_GLOBAL_ACCENT_COLOR_NAME = AccentColor;
				CODE_SIGN_STYLE = Automatic;
				CURRENT_PROJECT_VERSION = 1;
				DEVELOPMENT_TEAM = MSB3W3PJMV;
				GENERATE_INFOPLIST_FILE = YES;
				INFOPLIST_FILE = MovieChallenge/Info.plist;
				INFOPLIST_KEY_UIApplicationSupportsIndirectInputEvents = YES;
				INFOPLIST_KEY_UILaunchStoryboardName = LaunchScreen;
				INFOPLIST_KEY_UIMainStoryboardFile = Main;
				INFOPLIST_KEY_UISupportedInterfaceOrientations_iPad = "UIInterfaceOrientationPortrait UIInterfaceOrientationPortraitUpsideDown UIInterfaceOrientationLandscapeLeft UIInterfaceOrientationLandscapeRight";
				INFOPLIST_KEY_UISupportedInterfaceOrientations_iPhone = "UIInterfaceOrientationPortrait UIInterfaceOrientationLandscapeLeft UIInterfaceOrientationLandscapeRight";
				LD_RUNPATH_SEARCH_PATHS = (
					"$(inherited)",
					"@executable_path/Frameworks",
				);
				MARKETING_VERSION = 1.0;
				PRODUCT_BUNDLE_IDENTIFIER = com.yonnyrivera.MovieChallenge;
				PRODUCT_NAME = "$(TARGET_NAME)";
				SWIFT_EMIT_LOC_STRINGS = YES;
				SWIFT_VERSION = 5.0;
				TARGETED_DEVICE_FAMILY = "1,2";
			};
			name = Debug;
		};
		EADA63852BC43EF50077222B /* Release */ = {
			isa = XCBuildConfiguration;
			buildSettings = {
				ASSETCATALOG_COMPILER_APPICON_NAME = AppIcon;
				ASSETCATALOG_COMPILER_GLOBAL_ACCENT_COLOR_NAME = AccentColor;
				CODE_SIGN_STYLE = Automatic;
				CURRENT_PROJECT_VERSION = 1;
				DEVELOPMENT_TEAM = MSB3W3PJMV;
				GENERATE_INFOPLIST_FILE = YES;
				INFOPLIST_FILE = MovieChallenge/Info.plist;
				INFOPLIST_KEY_UIApplicationSupportsIndirectInputEvents = YES;
				INFOPLIST_KEY_UILaunchStoryboardName = LaunchScreen;
				INFOPLIST_KEY_UIMainStoryboardFile = Main;
				INFOPLIST_KEY_UISupportedInterfaceOrientations_iPad = "UIInterfaceOrientationPortrait UIInterfaceOrientationPortraitUpsideDown UIInterfaceOrientationLandscapeLeft UIInterfaceOrientationLandscapeRight";
				INFOPLIST_KEY_UISupportedInterfaceOrientations_iPhone = "UIInterfaceOrientationPortrait UIInterfaceOrientationLandscapeLeft UIInterfaceOrientationLandscapeRight";
				LD_RUNPATH_SEARCH_PATHS = (
					"$(inherited)",
					"@executable_path/Frameworks",
				);
				MARKETING_VERSION = 1.0;
				PRODUCT_BUNDLE_IDENTIFIER = com.yonnyrivera.MovieChallenge;
				PRODUCT_NAME = "$(TARGET_NAME)";
				SWIFT_EMIT_LOC_STRINGS = YES;
				SWIFT_VERSION = 5.0;
				TARGETED_DEVICE_FAMILY = "1,2";
			};
			name = Release;
		};
/* End XCBuildConfiguration section */

/* Begin XCConfigurationList section */
		EADA636A2BC43EF30077222B /* Build configuration list for PBXProject "MovieChallenge" */ = {
			isa = XCConfigurationList;
			buildConfigurations = (
				EADA63812BC43EF50077222B /* Debug */,
				EADA63822BC43EF50077222B /* Release */,
			);
			defaultConfigurationIsVisible = 0;
			defaultConfigurationName = Release;
		};
		EADA63832BC43EF50077222B /* Build configuration list for PBXNativeTarget "MovieChallenge" */ = {
			isa = XCConfigurationList;
			buildConfigurations = (
				EADA63842BC43EF50077222B /* Debug */,
				EADA63852BC43EF50077222B /* Release */,
			);
			defaultConfigurationIsVisible = 0;
			defaultConfigurationName = Release;
		};
/* End XCConfigurationList section */
	};
	rootObject = EADA63672BC43EF30077222B /* Project object */;
}
